// !$*UTF8*$!
{
	archiveVersion = 1;
	classes = {
	};
	objectVersion = 56;
	objects = {

/* Begin PBXBuildFile section */
		CB5F4B272D76E77700C2ADD8 /* AppDelegate.swift in Sources */ = {isa = PBXBuildFile; fileRef = CB5F4B262D76E77700C2ADD8 /* AppDelegate.swift */; };
		CB5F4B2B2D76E77700C2ADD8 /* HomeViewController.swift in Sources */ = {isa = PBXBuildFile; fileRef = CB5F4B2A2D76E77700C2ADD8 /* HomeViewController.swift */; };
		CB5F4B302D76E77A00C2ADD8 /* Assets.xcassets in Resources */ = {isa = PBXBuildFile; fileRef = CB5F4B2F2D76E77A00C2ADD8 /* Assets.xcassets */; };
		CB5F4B332D76E77A00C2ADD8 /* LaunchScreen.storyboard in Resources */ = {isa = PBXBuildFile; fileRef = CB5F4B312D76E77A00C2ADD8 /* LaunchScreen.storyboard */; };
		CB5FD0D92D76FDD800121BEA /* UserRouter.swift in Sources */ = {isa = PBXBuildFile; fileRef = CB5FD0D82D76FDD800121BEA /* UserRouter.swift */; };
		CB5FD0DB2D76FE3B00121BEA /* AppConfig.swift in Sources */ = {isa = PBXBuildFile; fileRef = CB5FD0DA2D76FE3B00121BEA /* AppConfig.swift */; };
		CB5FD0DD2D76FEB600121BEA /* UserAPI.swift in Sources */ = {isa = PBXBuildFile; fileRef = CB5FD0DC2D76FEB600121BEA /* UserAPI.swift */; };
		CB5FD0E12D76FEFD00121BEA /* UserModel.swift in Sources */ = {isa = PBXBuildFile; fileRef = CB5FD0E02D76FEFD00121BEA /* UserModel.swift */; };
		CBBA35F42D76F1C10095672A /* EasyNetwork in Frameworks */ = {isa = PBXBuildFile; productRef = CBBA35F32D76F1C10095672A /* EasyNetwork */; };
/* End PBXBuildFile section */

/* Begin PBXFileReference section */
		CB5F4B232D76E77700C2ADD8 /* SevenAppsCase.app */ = {isa = PBXFileReference; explicitFileType = wrapper.application; includeInIndex = 0; path = SevenAppsCase.app; sourceTree = BUILT_PRODUCTS_DIR; };
		CB5F4B262D76E77700C2ADD8 /* AppDelegate.swift */ = {isa = PBXFileReference; lastKnownFileType = sourcecode.swift; path = AppDelegate.swift; sourceTree = "<group>"; };
		CB5F4B2A2D76E77700C2ADD8 /* HomeViewController.swift */ = {isa = PBXFileReference; lastKnownFileType = sourcecode.swift; path = HomeViewController.swift; sourceTree = "<group>"; };
		CB5F4B2F2D76E77A00C2ADD8 /* Assets.xcassets */ = {isa = PBXFileReference; lastKnownFileType = folder.assetcatalog; path = Assets.xcassets; sourceTree = "<group>"; };
		CB5F4B322D76E77A00C2ADD8 /* Base */ = {isa = PBXFileReference; lastKnownFileType = file.storyboard; name = Base; path = Base.lproj/LaunchScreen.storyboard; sourceTree = "<group>"; };
		CB5F4B342D76E77A00C2ADD8 /* Info.plist */ = {isa = PBXFileReference; lastKnownFileType = text.plist.xml; path = Info.plist; sourceTree = "<group>"; };
		CB5F4B432D76F19F00C2ADD8 /* EasyNetwork */ = {isa = PBXFileReference; lastKnownFileType = wrapper; name = EasyNetwork; path = Packages/EasyNetwork; sourceTree = "<group>"; };
		CB5FD0D82D76FDD800121BEA /* UserRouter.swift */ = {isa = PBXFileReference; lastKnownFileType = sourcecode.swift; path = UserRouter.swift; sourceTree = "<group>"; };
		CB5FD0DA2D76FE3B00121BEA /* AppConfig.swift */ = {isa = PBXFileReference; lastKnownFileType = sourcecode.swift; path = AppConfig.swift; sourceTree = "<group>"; };
		CB5FD0DC2D76FEB600121BEA /* UserAPI.swift */ = {isa = PBXFileReference; lastKnownFileType = sourcecode.swift; path = UserAPI.swift; sourceTree = "<group>"; };
		CB5FD0E02D76FEFD00121BEA /* UserModel.swift */ = {isa = PBXFileReference; lastKnownFileType = sourcecode.swift; path = UserModel.swift; sourceTree = "<group>"; };
/* End PBXFileReference section */

/* Begin PBXFrameworksBuildPhase section */
		CB5F4B202D76E77700C2ADD8 /* Frameworks */ = {
			isa = PBXFrameworksBuildPhase;
			buildActionMask = 2147483647;
			files = (
				CBBA35F42D76F1C10095672A /* EasyNetwork in Frameworks */,
			);
			runOnlyForDeploymentPostprocessing = 0;
		};
/* End PBXFrameworksBuildPhase section */

/* Begin PBXGroup section */
		CB5F4B1A2D76E77700C2ADD8 = {
			isa = PBXGroup;
			children = (
				CB5F4B422D76F19F00C2ADD8 /* Packages */,
				CB5F4B252D76E77700C2ADD8 /* SevenAppsCase */,
				CB5F4B242D76E77700C2ADD8 /* Products */,
				CBBA35F22D76F1C10095672A /* Frameworks */,
			);
			sourceTree = "<group>";
		};
		CB5F4B242D76E77700C2ADD8 /* Products */ = {
			isa = PBXGroup;
			children = (
				CB5F4B232D76E77700C2ADD8 /* SevenAppsCase.app */,
			);
			name = Products;
			sourceTree = "<group>";
		};
		CB5F4B252D76E77700C2ADD8 /* SevenAppsCase */ = {
			isa = PBXGroup;
			children = (
				CB5F4B3B2D76EC0000C2ADD8 /* App */,
				CB5FD0D72D76FDC400121BEA /* Network */,
				CB5FD0DE2D76FEE300121BEA /* Model */,
				CB5F4B3A2D76EBFB00C2ADD8 /* Home */,
				CB5F4B3C2D76EC0600C2ADD8 /* Resource */,
			);
			path = SevenAppsCase;
			sourceTree = "<group>";
		};
		CB5F4B3A2D76EBFB00C2ADD8 /* Home */ = {
			isa = PBXGroup;
			children = (
				CB5F4B2A2D76E77700C2ADD8 /* HomeViewController.swift */,
			);
			path = Home;
			sourceTree = "<group>";
		};
		CB5F4B3B2D76EC0000C2ADD8 /* App */ = {
			isa = PBXGroup;
			children = (
				CB5F4B262D76E77700C2ADD8 /* AppDelegate.swift */,
				CB5FD0DA2D76FE3B00121BEA /* AppConfig.swift */,
			);
			path = App;
			sourceTree = "<group>";
		};
		CB5F4B3C2D76EC0600C2ADD8 /* Resource */ = {
			isa = PBXGroup;
			children = (
				CB5F4B312D76E77A00C2ADD8 /* LaunchScreen.storyboard */,
				CB5F4B342D76E77A00C2ADD8 /* Info.plist */,
				CB5F4B2F2D76E77A00C2ADD8 /* Assets.xcassets */,
			);
			path = Resource;
			sourceTree = "<group>";
		};
		CB5F4B422D76F19F00C2ADD8 /* Packages */ = {
			isa = PBXGroup;
			children = (
				CB5F4B432D76F19F00C2ADD8 /* EasyNetwork */,
			);
			name = Packages;
			sourceTree = "<group>";
		};
		CB5FD0D72D76FDC400121BEA /* Network */ = {
			isa = PBXGroup;
			children = (
				CB5FD0D82D76FDD800121BEA /* UserRouter.swift */,
				CB5FD0DC2D76FEB600121BEA /* UserAPI.swift */,
			);
			path = Network;
			sourceTree = "<group>";
		};
		CB5FD0DE2D76FEE300121BEA /* Model */ = {
			isa = PBXGroup;
			children = (
				CB5FD0DF2D76FEF100121BEA /* Response */,
			);
			path = Model;
			sourceTree = "<group>";
		};
		CB5FD0DF2D76FEF100121BEA /* Response */ = {
			isa = PBXGroup;
			children = (
				CB5FD0E02D76FEFD00121BEA /* UserModel.swift */,
			);
			path = Response;
			sourceTree = "<group>";
		};
		CBBA35F22D76F1C10095672A /* Frameworks */ = {
			isa = PBXGroup;
			children = (
			);
			name = Frameworks;
			sourceTree = "<group>";
		};
/* End PBXGroup section */

/* Begin PBXNativeTarget section */
		CB5F4B222D76E77700C2ADD8 /* SevenAppsCase */ = {
			isa = PBXNativeTarget;
			buildConfigurationList = CB5F4B372D76E77A00C2ADD8 /* Build configuration list for PBXNativeTarget "SevenAppsCase" */;
			buildPhases = (
				CB5F4B1F2D76E77700C2ADD8 /* Sources */,
				CB5F4B202D76E77700C2ADD8 /* Frameworks */,
				CB5F4B212D76E77700C2ADD8 /* Resources */,
			);
			buildRules = (
			);
			dependencies = (
			);
			name = SevenAppsCase;
			packageProductDependencies = (
				CBBA35F32D76F1C10095672A /* EasyNetwork */,
			);
			productName = SevenAppsCase;
			productReference = CB5F4B232D76E77700C2ADD8 /* SevenAppsCase.app */;
			productType = "com.apple.product-type.application";
		};
/* End PBXNativeTarget section */

/* Begin PBXProject section */
		CB5F4B1B2D76E77700C2ADD8 /* Project object */ = {
			isa = PBXProject;
			attributes = {
				BuildIndependentTargetsInParallel = 1;
				LastSwiftUpdateCheck = 1430;
				LastUpgradeCheck = 1430;
				TargetAttributes = {
					CB5F4B222D76E77700C2ADD8 = {
						CreatedOnToolsVersion = 14.3.1;
					};
				};
			};
			buildConfigurationList = CB5F4B1E2D76E77700C2ADD8 /* Build configuration list for PBXProject "SevenAppsCase" */;
			compatibilityVersion = "Xcode 14.0";
			developmentRegion = en;
			hasScannedForEncodings = 0;
			knownRegions = (
				en,
				Base,
			);
			mainGroup = CB5F4B1A2D76E77700C2ADD8;
			productRefGroup = CB5F4B242D76E77700C2ADD8 /* Products */;
			projectDirPath = "";
			projectRoot = "";
			targets = (
				CB5F4B222D76E77700C2ADD8 /* SevenAppsCase */,
			);
		};
/* End PBXProject section */

/* Begin PBXResourcesBuildPhase section */
		CB5F4B212D76E77700C2ADD8 /* Resources */ = {
			isa = PBXResourcesBuildPhase;
			buildActionMask = 2147483647;
			files = (
				CB5F4B332D76E77A00C2ADD8 /* LaunchScreen.storyboard in Resources */,
				CB5F4B302D76E77A00C2ADD8 /* Assets.xcassets in Resources */,
			);
			runOnlyForDeploymentPostprocessing = 0;
		};
/* End PBXResourcesBuildPhase section */

/* Begin PBXSourcesBuildPhase section */
		CB5F4B1F2D76E77700C2ADD8 /* Sources */ = {
			isa = PBXSourcesBuildPhase;
			buildActionMask = 2147483647;
			files = (
				CB5F4B2B2D76E77700C2ADD8 /* HomeViewController.swift in Sources */,
				CB5FD0DB2D76FE3B00121BEA /* AppConfig.swift in Sources */,
				CB5FD0D92D76FDD800121BEA /* UserRouter.swift in Sources */,
				CB5FD0DD2D76FEB600121BEA /* UserAPI.swift in Sources */,
				CB5FD0E12D76FEFD00121BEA /* UserModel.swift in Sources */,
				CB5F4B272D76E77700C2ADD8 /* AppDelegate.swift in Sources */,
			);
			runOnlyForDeploymentPostprocessing = 0;
		};
/* End PBXSourcesBuildPhase section */

/* Begin PBXVariantGroup section */
		CB5F4B312D76E77A00C2ADD8 /* LaunchScreen.storyboard */ = {
			isa = PBXVariantGroup;
			children = (
				CB5F4B322D76E77A00C2ADD8 /* Base */,
			);
			name = LaunchScreen.storyboard;
			sourceTree = "<group>";
		};
/* End PBXVariantGroup section */

/* Begin XCBuildConfiguration section */
		CB5F4B352D76E77A00C2ADD8 /* Debug */ = {
			isa = XCBuildConfiguration;
			buildSettings = {
				ALWAYS_SEARCH_USER_PATHS = NO;
				CLANG_ANALYZER_NONNULL = YES;
				CLANG_ANALYZER_NUMBER_OBJECT_CONVERSION = YES_AGGRESSIVE;
				CLANG_CXX_LANGUAGE_STANDARD = "gnu++20";
				CLANG_ENABLE_MODULES = YES;
				CLANG_ENABLE_OBJC_ARC = YES;
				CLANG_ENABLE_OBJC_WEAK = YES;
				CLANG_WARN_BLOCK_CAPTURE_AUTORELEASING = YES;
				CLANG_WARN_BOOL_CONVERSION = YES;
				CLANG_WARN_COMMA = YES;
				CLANG_WARN_CONSTANT_CONVERSION = YES;
				CLANG_WARN_DEPRECATED_OBJC_IMPLEMENTATIONS = YES;
				CLANG_WARN_DIRECT_OBJC_ISA_USAGE = YES_ERROR;
				CLANG_WARN_DOCUMENTATION_COMMENTS = YES;
				CLANG_WARN_EMPTY_BODY = YES;
				CLANG_WARN_ENUM_CONVERSION = YES;
				CLANG_WARN_INFINITE_RECURSION = YES;
				CLANG_WARN_INT_CONVERSION = YES;
				CLANG_WARN_NON_LITERAL_NULL_CONVERSION = YES;
				CLANG_WARN_OBJC_IMPLICIT_RETAIN_SELF = YES;
				CLANG_WARN_OBJC_LITERAL_CONVERSION = YES;
				CLANG_WARN_OBJC_ROOT_CLASS = YES_ERROR;
				CLANG_WARN_QUOTED_INCLUDE_IN_FRAMEWORK_HEADER = YES;
				CLANG_WARN_RANGE_LOOP_ANALYSIS = YES;
				CLANG_WARN_STRICT_PROTOTYPES = YES;
				CLANG_WARN_SUSPICIOUS_MOVE = YES;
				CLANG_WARN_UNGUARDED_AVAILABILITY = YES_AGGRESSIVE;
				CLANG_WARN_UNREACHABLE_CODE = YES;
				CLANG_WARN__DUPLICATE_METHOD_MATCH = YES;
				COPY_PHASE_STRIP = NO;
				DEBUG_INFORMATION_FORMAT = dwarf;
				ENABLE_STRICT_OBJC_MSGSEND = YES;
				ENABLE_TESTABILITY = YES;
				GCC_C_LANGUAGE_STANDARD = gnu11;
				GCC_DYNAMIC_NO_PIC = NO;
				GCC_NO_COMMON_BLOCKS = YES;
				GCC_OPTIMIZATION_LEVEL = 0;
				GCC_PREPROCESSOR_DEFINITIONS = (
					"DEBUG=1",
					"$(inherited)",
				);
				GCC_WARN_64_TO_32_BIT_CONVERSION = YES;
				GCC_WARN_ABOUT_RETURN_TYPE = YES_ERROR;
				GCC_WARN_UNDECLARED_SELECTOR = YES;
				GCC_WARN_UNINITIALIZED_AUTOS = YES_AGGRESSIVE;
				GCC_WARN_UNUSED_FUNCTION = YES;
				GCC_WARN_UNUSED_VARIABLE = YES;
				IPHONEOS_DEPLOYMENT_TARGET = 16.4;
				MTL_ENABLE_DEBUG_INFO = INCLUDE_SOURCE;
				MTL_FAST_MATH = YES;
				ONLY_ACTIVE_ARCH = YES;
				SDKROOT = iphoneos;
				SWIFT_ACTIVE_COMPILATION_CONDITIONS = DEBUG;
				SWIFT_OPTIMIZATION_LEVEL = "-Onone";
			};
			name = Debug;
		};
		CB5F4B362D76E77A00C2ADD8 /* Release */ = {
			isa = XCBuildConfiguration;
			buildSettings = {
				ALWAYS_SEARCH_USER_PATHS = NO;
				CLANG_ANALYZER_NONNULL = YES;
				CLANG_ANALYZER_NUMBER_OBJECT_CONVERSION = YES_AGGRESSIVE;
				CLANG_CXX_LANGUAGE_STANDARD = "gnu++20";
				CLANG_ENABLE_MODULES = YES;
				CLANG_ENABLE_OBJC_ARC = YES;
				CLANG_ENABLE_OBJC_WEAK = YES;
				CLANG_WARN_BLOCK_CAPTURE_AUTORELEASING = YES;
				CLANG_WARN_BOOL_CONVERSION = YES;
				CLANG_WARN_COMMA = YES;
				CLANG_WARN_CONSTANT_CONVERSION = YES;
				CLANG_WARN_DEPRECATED_OBJC_IMPLEMENTATIONS = YES;
				CLANG_WARN_DIRECT_OBJC_ISA_USAGE = YES_ERROR;
				CLANG_WARN_DOCUMENTATION_COMMENTS = YES;
				CLANG_WARN_EMPTY_BODY = YES;
				CLANG_WARN_ENUM_CONVERSION = YES;
				CLANG_WARN_INFINITE_RECURSION = YES;
				CLANG_WARN_INT_CONVERSION = YES;
				CLANG_WARN_NON_LITERAL_NULL_CONVERSION = YES;
				CLANG_WARN_OBJC_IMPLICIT_RETAIN_SELF = YES;
				CLANG_WARN_OBJC_LITERAL_CONVERSION = YES;
				CLANG_WARN_OBJC_ROOT_CLASS = YES_ERROR;
				CLANG_WARN_QUOTED_INCLUDE_IN_FRAMEWORK_HEADER = YES;
				CLANG_WARN_RANGE_LOOP_ANALYSIS = YES;
				CLANG_WARN_STRICT_PROTOTYPES = YES;
				CLANG_WARN_SUSPICIOUS_MOVE = YES;
				CLANG_WARN_UNGUARDED_AVAILABILITY = YES_AGGRESSIVE;
				CLANG_WARN_UNREACHABLE_CODE = YES;
				CLANG_WARN__DUPLICATE_METHOD_MATCH = YES;
				COPY_PHASE_STRIP = NO;
				DEBUG_INFORMATION_FORMAT = "dwarf-with-dsym";
				ENABLE_NS_ASSERTIONS = NO;
				ENABLE_STRICT_OBJC_MSGSEND = YES;
				GCC_C_LANGUAGE_STANDARD = gnu11;
				GCC_NO_COMMON_BLOCKS = YES;
				GCC_WARN_64_TO_32_BIT_CONVERSION = YES;
				GCC_WARN_ABOUT_RETURN_TYPE = YES_ERROR;
				GCC_WARN_UNDECLARED_SELECTOR = YES;
				GCC_WARN_UNINITIALIZED_AUTOS = YES_AGGRESSIVE;
				GCC_WARN_UNUSED_FUNCTION = YES;
				GCC_WARN_UNUSED_VARIABLE = YES;
				IPHONEOS_DEPLOYMENT_TARGET = 16.4;
				MTL_ENABLE_DEBUG_INFO = NO;
				MTL_FAST_MATH = YES;
				SDKROOT = iphoneos;
				SWIFT_COMPILATION_MODE = wholemodule;
				SWIFT_OPTIMIZATION_LEVEL = "-O";
				VALIDATE_PRODUCT = YES;
			};
			name = Release;
		};
		CB5F4B382D76E77A00C2ADD8 /* Debug */ = {
			isa = XCBuildConfiguration;
			buildSettings = {
				ASSETCATALOG_COMPILER_APPICON_NAME = AppIcon;
				ASSETCATALOG_COMPILER_GLOBAL_ACCENT_COLOR_NAME = AccentColor;
				CODE_SIGN_STYLE = Automatic;
				CURRENT_PROJECT_VERSION = 1;
				DEVELOPMENT_TEAM = 4H396924QD;
				GENERATE_INFOPLIST_FILE = YES;
				INFOPLIST_FILE = SevenAppsCase/Resource/Info.plist;
				INFOPLIST_KEY_UIApplicationSupportsIndirectInputEvents = YES;
				INFOPLIST_KEY_UILaunchStoryboardName = LaunchScreen;
				INFOPLIST_KEY_UISupportedInterfaceOrientations_iPad = "UIInterfaceOrientationPortrait UIInterfaceOrientationPortraitUpsideDown UIInterfaceOrientationLandscapeLeft UIInterfaceOrientationLandscapeRight";
				INFOPLIST_KEY_UISupportedInterfaceOrientations_iPhone = "UIInterfaceOrientationPortrait UIInterfaceOrientationLandscapeLeft UIInterfaceOrientationLandscapeRight";
				LD_RUNPATH_SEARCH_PATHS = (
					"$(inherited)",
					"@executable_path/Frameworks",
				);
				MARKETING_VERSION = 1.0;
				PRODUCT_BUNDLE_IDENTIFIER = com.SevenAppsCase;
				PRODUCT_NAME = "$(TARGET_NAME)";
				SWIFT_EMIT_LOC_STRINGS = YES;
				SWIFT_VERSION = 5.0;
				TARGETED_DEVICE_FAMILY = "1,2";
			};
			name = Debug;
		};
		CB5F4B392D76E77A00C2ADD8 /* Release */ = {
			isa = XCBuildConfiguration;
			buildSettings = {
				ASSETCATALOG_COMPILER_APPICON_NAME = AppIcon;
				ASSETCATALOG_COMPILER_GLOBAL_ACCENT_COLOR_NAME = AccentColor;
				CODE_SIGN_STYLE = Automatic;
				CURRENT_PROJECT_VERSION = 1;
				DEVELOPMENT_TEAM = 4H396924QD;
				GENERATE_INFOPLIST_FILE = YES;
				INFOPLIST_FILE = SevenAppsCase/Resource/Info.plist;
				INFOPLIST_KEY_UIApplicationSupportsIndirectInputEvents = YES;
				INFOPLIST_KEY_UILaunchStoryboardName = LaunchScreen;
				INFOPLIST_KEY_UISupportedInterfaceOrientations_iPad = "UIInterfaceOrientationPortrait UIInterfaceOrientationPortraitUpsideDown UIInterfaceOrientationLandscapeLeft UIInterfaceOrientationLandscapeRight";
				INFOPLIST_KEY_UISupportedInterfaceOrientations_iPhone = "UIInterfaceOrientationPortrait UIInterfaceOrientationLandscapeLeft UIInterfaceOrientationLandscapeRight";
				LD_RUNPATH_SEARCH_PATHS = (
					"$(inherited)",
					"@executable_path/Frameworks",
				);
				MARKETING_VERSION = 1.0;
				PRODUCT_BUNDLE_IDENTIFIER = com.SevenAppsCase;
				PRODUCT_NAME = "$(TARGET_NAME)";
				SWIFT_EMIT_LOC_STRINGS = YES;
				SWIFT_VERSION = 5.0;
				TARGETED_DEVICE_FAMILY = "1,2";
			};
			name = Release;
		};
/* End XCBuildConfiguration section */

/* Begin XCConfigurationList section */
		CB5F4B1E2D76E77700C2ADD8 /* Build configuration list for PBXProject "SevenAppsCase" */ = {
			isa = XCConfigurationList;
			buildConfigurations = (
				CB5F4B352D76E77A00C2ADD8 /* Debug */,
				CB5F4B362D76E77A00C2ADD8 /* Release */,
			);
			defaultConfigurationIsVisible = 0;
			defaultConfigurationName = Release;
		};
		CB5F4B372D76E77A00C2ADD8 /* Build configuration list for PBXNativeTarget "SevenAppsCase" */ = {
			isa = XCConfigurationList;
			buildConfigurations = (
				CB5F4B382D76E77A00C2ADD8 /* Debug */,
				CB5F4B392D76E77A00C2ADD8 /* Release */,
			);
			defaultConfigurationIsVisible = 0;
			defaultConfigurationName = Release;
		};
/* End XCConfigurationList section */

/* Begin XCSwiftPackageProductDependency section */
		CBBA35F32D76F1C10095672A /* EasyNetwork */ = {
			isa = XCSwiftPackageProductDependency;
			productName = EasyNetwork;
		};
/* End XCSwiftPackageProductDependency section */
	};
	rootObject = CB5F4B1B2D76E77700C2ADD8 /* Project object */;
}
